
Microsoft Visual Studio Solution File, Format Version 12.00
# Visual Studio 2013
VisualStudioVersion = 12.0.31101.0
MinimumVisualStudioVersion = 10.0.40219.1
Project("{FAE04EC0-301F-11D3-BF4B-00C04F79EFBC}") = "EstimotePlay", "EstimotePlay\EstimotePlay.csproj", "{76D01386-4C27-4DC4-BD08-0DECA600D416}"
EndProject
Project("{FAE04EC0-301F-11D3-BF4B-00C04F79EFBC}") = "EstimotePlay.UITests", "EstimotePlay.UITests\EstimotePlay.UITests.csproj", "{C6238A7B-780B-43E9-8E72-02B914E806E3}"
EndProject
Global
	GlobalSection(SolutionConfigurationPlatforms) = preSolution
		Debug|Any CPU = Debug|Any CPU
		Release|Any CPU = Release|Any CPU
	EndGlobalSection
	GlobalSection(ProjectConfigurationPlatforms) = postSolution
		{76D01386-4C27-4DC4-BD08-0DECA600D416}.Debug|Any CPU.ActiveCfg = Debug|Any CPU
		{76D01386-4C27-4DC4-BD08-0DECA600D416}.Debug|Any CPU.Build.0 = Debug|Any CPU
		{76D01386-4C27-4DC4-BD08-0DECA600D416}.Debug|Any CPU.Deploy.0 = Debug|Any CPU
		{76D01386-4C27-4DC4-BD08-0DECA600D416}.Release|Any CPU.ActiveCfg = Release|Any CPU
		{76D01386-4C27-4DC4-BD08-0DECA600D416}.Release|Any CPU.Build.0 = Release|Any CPU
		{C6238A7B-780B-43E9-8E72-02B914E806E3}.Debug|Any CPU.ActiveCfg = Debug|Any CPU
		{C6238A7B-780B-43E9-8E72-02B914E806E3}.Debug|Any CPU.Build.0 = Debug|Any CPU
		{C6238A7B-780B-43E9-8E72-02B914E806E3}.Release|Any CPU.ActiveCfg = Release|Any CPU
		{C6238A7B-780B-43E9-8E72-02B914E806E3}.Release|Any CPU.Build.0 = Release|Any CPU
	EndGlobalSection
	GlobalSection(SolutionProperties) = preSolution
		HideSolutionNode = FALSE
	EndGlobalSection
EndGlobal
